// !$*UTF8*$!
{
	archiveVersion = 1;
	classes = {
	};
	objectVersion = 77;
	objects = {

/* Begin PBXBuildFile section */
		40A58313EE365FBADB4BC589 /* LiveKit in Frameworks */ = {isa = PBXBuildFile; productRef = 3A655DBA31016A11E183DF76 /* LiveKit */; };
/* End PBXBuildFile section */

/* Begin PBXContainerItemProxy section */
		7C4B9E121AFFD86687C0171A /* PBXContainerItemProxy */ = {
			isa = PBXContainerItemProxy;
			containerPortal = 30B78744AB92A277FD719B2C /* Project object */;
			proxyType = 1;
			remoteGlobalIDString = 68C97542B1004CBF6F313067;
			remoteInfo = UnbluMeet;
		};
/* End PBXContainerItemProxy section */

/* Begin PBXFileReference section */
		37449A415BA948772E30217F /* UnbluMeetTests.xctest */ = {isa = PBXFileReference; explicitFileType = wrapper.cfbundle; includeInIndex = 0; path = UnbluMeetTests.xctest; sourceTree = BUILT_PRODUCTS_DIR; };
		6485DC876D542F1B1F921947 /* UnbluMeet.app */ = {isa = PBXFileReference; explicitFileType = wrapper.application; includeInIndex = 0; path = UnbluMeet.app; sourceTree = BUILT_PRODUCTS_DIR; };
/* End PBXFileReference section */

/* Begin PBXFileSystemSynchronizedBuildFileExceptionSet section */
		3FFE32332F466613BEEB706B /* Exceptions for "UnbluMeet" folder in "UnbluMeet" target */ = {
			isa = PBXFileSystemSynchronizedBuildFileExceptionSet;
			membershipExceptions = (
				Info.plist,
			);
			target = 68C97542B1004CBF6F313067 /* UnbluMeet */;
		};
/* End PBXFileSystemSynchronizedBuildFileExceptionSet section */

/* Begin PBXFileSystemSynchronizedRootGroup section */
		04E128B8602FB4954D5DB158 /* UnbluMeetTests */ = {
			isa = PBXFileSystemSynchronizedRootGroup;
			path = UnbluMeetTests;
			sourceTree = "<group>";
		};
		709FC3074E610635E5295812 /* UnbluMeet */ = {
			isa = PBXFileSystemSynchronizedRootGroup;
			exceptions = (
				3FFE32332F466613BEEB706B /* Exceptions for "UnbluMeet" folder in "UnbluMeet" target */,
			);
			path = UnbluMeet;
			sourceTree = "<group>";
		};
/* End PBXFileSystemSynchronizedRootGroup section */

/* Begin PBXFrameworksBuildPhase section */
		624BD158B5656EE3D5075887 /* Frameworks */ = {
			isa = PBXFrameworksBuildPhase;
			buildActionMask = 2147483647;
			files = (
				40A58313EE365FBADB4BC589 /* LiveKit in Frameworks */,
			);
			runOnlyForDeploymentPostprocessing = 0;
		};
/* End PBXFrameworksBuildPhase section */

/* Begin PBXGroup section */
		9932B14476641F4B547DD7FA = {
			isa = PBXGroup;
			children = (
				709FC3074E610635E5295812 /* UnbluMeet */,
				04E128B8602FB4954D5DB158 /* UnbluMeetTests */,
				DB87F912986042466221493C /* Products */,
			);
			sourceTree = "<group>";
		};
		DB87F912986042466221493C /* Products */ = {
			isa = PBXGroup;
			children = (
				6485DC876D542F1B1F921947 /* UnbluMeet.app */,
				37449A415BA948772E30217F /* UnbluMeetTests.xctest */,
			);
			name = Products;
			sourceTree = "<group>";
		};
/* End PBXGroup section */

/* Begin PBXNativeTarget section */
		3E9339DE0DBAAE685550658F /* UnbluMeetTests */ = {
			isa = PBXNativeTarget;
			buildConfigurationList = F1D521B7F54B6724C1078655 /* Build configuration list for PBXNativeTarget "UnbluMeetTests" */;
			buildPhases = (
				BDA79EB4578CFA49DCC6EEFD /* Sources */,
				BB0073151EA60D7CA789B898 /* Resources */,
			);
			buildRules = (
			);
			dependencies = (
				6447E9E347E789E1BB8D5195 /* PBXTargetDependency */,
			);
			fileSystemSynchronizedGroups = (
				04E128B8602FB4954D5DB158 /* UnbluMeetTests */,
			);
			name = UnbluMeetTests;
			packageProductDependencies = (
			);
			productName = UnbluMeetTests;
			productReference = 37449A415BA948772E30217F /* UnbluMeetTests.xctest */;
			productType = "com.apple.product-type.bundle.unit-test";
		};
		68C97542B1004CBF6F313067 /* UnbluMeet */ = {
			isa = PBXNativeTarget;
			buildConfigurationList = 1B9F89BF0F6CCA1D22DD76DC /* Build configuration list for PBXNativeTarget "UnbluMeet" */;
			buildPhases = (
				5E5B7A89C11D22DB14C19624 /* Sources */,
				ACB45105330515FCEBF6226F /* Resources */,
				624BD158B5656EE3D5075887 /* Frameworks */,
			);
			buildRules = (
			);
			dependencies = (
			);
			fileSystemSynchronizedGroups = (
				709FC3074E610635E5295812 /* UnbluMeet */,
			);
			name = UnbluMeet;
			packageProductDependencies = (
				3A655DBA31016A11E183DF76 /* LiveKit */,
			);
			productName = UnbluMeet;
			productReference = 6485DC876D542F1B1F921947 /* UnbluMeet.app */;
			productType = "com.apple.product-type.application";
		};
/* End PBXNativeTarget section */

/* Begin PBXProject section */
		30B78744AB92A277FD719B2C /* Project object */ = {
			isa = PBXProject;
			attributes = {
				BuildIndependentTargetsInParallel = YES;
				LastUpgradeCheck = 1430;
				TargetAttributes = {
					3E9339DE0DBAAE685550658F = {
						ProvisioningStyle = Automatic;
					};
					68C97542B1004CBF6F313067 = {
						ProvisioningStyle = Automatic;
					};
				};
			};
			buildConfigurationList = EA44D0B6692C7649603C501B /* Build configuration list for PBXProject "UnbluMeet" */;
			developmentRegion = en;
			hasScannedForEncodings = 0;
			knownRegions = (
				Base,
				en,
			);
			mainGroup = 9932B14476641F4B547DD7FA;
			minimizedProjectReferenceProxies = 1;
			packageReferences = (
				1C8CD513B3E2101C89769B70 /* XCRemoteSwiftPackageReference "client-sdk-swift" */,
			);
			preferredProjectObjectVersion = 77;
			productRefGroup = DB87F912986042466221493C /* Products */;
			projectDirPath = "";
			projectRoot = "";
			targets = (
				68C97542B1004CBF6F313067 /* UnbluMeet */,
				3E9339DE0DBAAE685550658F /* UnbluMeetTests */,
			);
		};
/* End PBXProject section */

/* Begin PBXResourcesBuildPhase section */
		ACB45105330515FCEBF6226F /* Resources */ = {
			isa = PBXResourcesBuildPhase;
			buildActionMask = 2147483647;
			files = (
			);
			runOnlyForDeploymentPostprocessing = 0;
		};
		BB0073151EA60D7CA789B898 /* Resources */ = {
			isa = PBXResourcesBuildPhase;
			buildActionMask = 2147483647;
			files = (
			);
			runOnlyForDeploymentPostprocessing = 0;
		};
/* End PBXResourcesBuildPhase section */

/* Begin PBXSourcesBuildPhase section */
		5E5B7A89C11D22DB14C19624 /* Sources */ = {
			isa = PBXSourcesBuildPhase;
			buildActionMask = 2147483647;
			files = (
			);
			runOnlyForDeploymentPostprocessing = 0;
		};
		BDA79EB4578CFA49DCC6EEFD /* Sources */ = {
			isa = PBXSourcesBuildPhase;
			buildActionMask = 2147483647;
			files = (
			);
			runOnlyForDeploymentPostprocessing = 0;
		};
/* End PBXSourcesBuildPhase section */

/* Begin PBXTargetDependency section */
		6447E9E347E789E1BB8D5195 /* PBXTargetDependency */ = {
			isa = PBXTargetDependency;
			target = 68C97542B1004CBF6F313067 /* UnbluMeet */;
			targetProxy = 7C4B9E121AFFD86687C0171A /* PBXContainerItemProxy */;
		};
/* End PBXTargetDependency section */

/* Begin XCBuildConfiguration section */
		393E4F67FAC0D1AAC9BA1214 /* Debug */ = {
			isa = XCBuildConfiguration;
			buildSettings = {
				ASSETCATALOG_COMPILER_APPICON_NAME = AppIcon;
				CODE_SIGN_ENTITLEMENTS = UnbluMeet/UnbluMeet.entitlements;
				COMBINE_HIDPI_IMAGES = YES;
				CURRENT_PROJECT_VERSION = 1;
				DEVELOPMENT_TEAM = A8Q2RF48P3;
				ENABLE_APP_SANDBOX = NO;
				ENABLE_HARDENED_RUNTIME = YES;
				INFOPLIST_FILE = UnbluMeet/Info.plist;
				LD_RUNPATH_SEARCH_PATHS = (
					"$(inherited)",
					"@executable_path/../Frameworks",
				);
				MARKETING_VERSION = 0.1;
				PRODUCT_BUNDLE_IDENTIFIER = com.unblu.UnbluMeet;
				SDKROOT = macosx;
				SWIFT_VERSION = 6.0;
			};
			name = Debug;
		};
		5C502D0D61F5FC1B97C89CE7 /* Release */ = {
			isa = XCBuildConfiguration;
			buildSettings = {
				BUNDLE_LOADER = "$(TEST_HOST)";
				COMBINE_HIDPI_IMAGES = YES;
				DEVELOPMENT_TEAM = A8Q2RF48P3;
				GENERATE_INFOPLIST_FILE = YES;
				LD_RUNPATH_SEARCH_PATHS = (
					"$(inherited)",
					"@executable_path/../Frameworks",
					"@loader_path/../Frameworks",
				);
				PRODUCT_BUNDLE_IDENTIFIER = com.unblu.UnbluMeetTests;
				SDKROOT = macosx;
				SWIFT_VERSION = 6.0;
				TEST_HOST = "$(BUILT_PRODUCTS_DIR)/UnbluMeet.app/Contents/MacOS/UnbluMeet";
			};
			name = Release;
		};
		5EEF0B567CE4F0B2C64C217F /* Release */ = {
			isa = XCBuildConfiguration;
			buildSettings = {
				ALWAYS_SEARCH_USER_PATHS = NO;
				CLANG_ANALYZER_NONNULL = YES;
				CLANG_ANALYZER_NUMBER_OBJECT_CONVERSION = YES_AGGRESSIVE;
				CLANG_CXX_LANGUAGE_STANDARD = "gnu++14";
				CLANG_CXX_LIBRARY = "libc++";
				CLANG_ENABLE_MODULES = YES;
				CLANG_ENABLE_OBJC_ARC = YES;
				CLANG_ENABLE_OBJC_WEAK = YES;
				CLANG_WARN_BLOCK_CAPTURE_AUTORELEASING = YES;
				CLANG_WARN_BOOL_CONVERSION = YES;
				CLANG_WARN_COMMA = YES;
				CLANG_WARN_CONSTANT_CONVERSION = YES;
				CLANG_WARN_DEPRECATED_OBJC_IMPLEMENTATIONS = YES;
				CLANG_WARN_DIRECT_OBJC_ISA_USAGE = YES_ERROR;
				CLANG_WARN_DOCUMENTATION_COMMENTS = YES;
				CLANG_WARN_EMPTY_BODY = YES;
				CLANG_WARN_ENUM_CONVERSION = YES;
				CLANG_WARN_INFINITE_RECURSION = YES;
				CLANG_WARN_INT_CONVERSION = YES;
				CLANG_WARN_NON_LITERAL_NULL_CONVERSION = YES;
				CLANG_WARN_OBJC_IMPLICIT_RETAIN_SELF = YES;
				CLANG_WARN_OBJC_LITERAL_CONVERSION = YES;
				CLANG_WARN_OBJC_ROOT_CLASS = YES_ERROR;
				CLANG_WARN_QUOTED_INCLUDE_IN_FRAMEWORK_HEADER = YES;
				CLANG_WARN_RANGE_LOOP_ANALYSIS = YES;
				CLANG_WARN_STRICT_PROTOTYPES = YES;
				CLANG_WARN_SUSPICIOUS_MOVE = YES;
				CLANG_WARN_UNGUARDED_AVAILABILITY = YES_AGGRESSIVE;
				CLANG_WARN_UNREACHABLE_CODE = YES;
				CLANG_WARN__DUPLICATE_METHOD_MATCH = YES;
				CODE_SIGN_STYLE = Automatic;
				COPY_PHASE_STRIP = NO;
				DEBUG_INFORMATION_FORMAT = "dwarf-with-dsym";
				DEVELOPMENT_TEAM = 5PMP974V72;
				ENABLE_NS_ASSERTIONS = NO;
				ENABLE_STRICT_OBJC_MSGSEND = YES;
				GCC_C_LANGUAGE_STANDARD = gnu11;
				GCC_NO_COMMON_BLOCKS = YES;
				GCC_WARN_64_TO_32_BIT_CONVERSION = YES;
				GCC_WARN_ABOUT_RETURN_TYPE = YES_ERROR;
				GCC_WARN_UNDECLARED_SELECTOR = YES;
				GCC_WARN_UNINITIALIZED_AUTOS = YES_AGGRESSIVE;
				GCC_WARN_UNUSED_FUNCTION = YES;
				GCC_WARN_UNUSED_VARIABLE = YES;
				MACOSX_DEPLOYMENT_TARGET = 26.0;
				MTL_ENABLE_DEBUG_INFO = NO;
				MTL_FAST_MATH = YES;
				PRODUCT_NAME = "$(TARGET_NAME)";
				SDKROOT = macosx;
				SWIFT_COMPILATION_MODE = wholemodule;
				SWIFT_OPTIMIZATION_LEVEL = "-O";
				SWIFT_VERSION = 5.0;
			};
			name = Release;
		};
		A96E2E07EE3538DE01A0CC16 /* Release */ = {
			isa = XCBuildConfiguration;
			buildSettings = {
				ASSETCATALOG_COMPILER_APPICON_NAME = AppIcon;
				CODE_SIGN_ENTITLEMENTS = UnbluMeet/UnbluMeet.entitlements;
				COMBINE_HIDPI_IMAGES = YES;
				CURRENT_PROJECT_VERSION = 1;
				DEVELOPMENT_TEAM = A8Q2RF48P3;
				ENABLE_APP_SANDBOX = NO;
				ENABLE_HARDENED_RUNTIME = YES;
				INFOPLIST_FILE = UnbluMeet/Info.plist;
				LD_RUNPATH_SEARCH_PATHS = (
					"$(inherited)",
					"@executable_path/../Frameworks",
				);
				MARKETING_VERSION = 0.1;
				PRODUCT_BUNDLE_IDENTIFIER = com.unblu.UnbluMeet;
				SDKROOT = macosx;
				SWIFT_VERSION = 6.0;
			};
			name = Release;
		};
		B54E6CA7ABFCCC4FF2200083 /* Debug */ = {
			isa = XCBuildConfiguration;
			buildSettings = {
				ALWAYS_SEARCH_USER_PATHS = NO;
				CLANG_ANALYZER_NONNULL = YES;
				CLANG_ANALYZER_NUMBER_OBJECT_CONVERSION = YES_AGGRESSIVE;
				CLANG_CXX_LANGUAGE_STANDARD = "gnu++14";
				CLANG_CXX_LIBRARY = "libc++";
				CLANG_ENABLE_MODULES = YES;
				CLANG_ENABLE_OBJC_ARC = YES;
				CLANG_ENABLE_OBJC_WEAK = YES;
				CLANG_WARN_BLOCK_CAPTURE_AUTORELEASING = YES;
				CLANG_WARN_BOOL_CONVERSION = YES;
				CLANG_WARN_COMMA = YES;
				CLANG_WARN_CONSTANT_CONVERSION = YES;
				CLANG_WARN_DEPRECATED_OBJC_IMPLEMENTATIONS = YES;
				CLANG_WARN_DIRECT_OBJC_ISA_USAGE = YES_ERROR;
				CLANG_WARN_DOCUMENTATION_COMMENTS = YES;
				CLANG_WARN_EMPTY_BODY = YES;
				CLANG_WARN_ENUM_CONVERSION = YES;
				CLANG_WARN_INFINITE_RECURSION = YES;
				CLANG_WARN_INT_CONVERSION = YES;
				CLANG_WARN_NON_LITERAL_NULL_CONVERSION = YES;
				CLANG_WARN_OBJC_IMPLICIT_RETAIN_SELF = YES;
				CLANG_WARN_OBJC_LITERAL_CONVERSION = YES;
				CLANG_WARN_OBJC_ROOT_CLASS = YES_ERROR;
				CLANG_WARN_QUOTED_INCLUDE_IN_FRAMEWORK_HEADER = YES;
				CLANG_WARN_RANGE_LOOP_ANALYSIS = YES;
				CLANG_WARN_STRICT_PROTOTYPES = YES;
				CLANG_WARN_SUSPICIOUS_MOVE = YES;
				CLANG_WARN_UNGUARDED_AVAILABILITY = YES_AGGRESSIVE;
				CLANG_WARN_UNREACHABLE_CODE = YES;
				CLANG_WARN__DUPLICATE_METHOD_MATCH = YES;
				CODE_SIGN_STYLE = Automatic;
				COPY_PHASE_STRIP = NO;
				DEBUG_INFORMATION_FORMAT = dwarf;
				DEVELOPMENT_TEAM = 5PMP974V72;
				ENABLE_STRICT_OBJC_MSGSEND = YES;
				ENABLE_TESTABILITY = YES;
				GCC_C_LANGUAGE_STANDARD = gnu11;
				GCC_DYNAMIC_NO_PIC = NO;
				GCC_NO_COMMON_BLOCKS = YES;
				GCC_OPTIMIZATION_LEVEL = 0;
				GCC_PREPROCESSOR_DEFINITIONS = (
					"$(inherited)",
					"DEBUG=1",
				);
				GCC_WARN_64_TO_32_BIT_CONVERSION = YES;
				GCC_WARN_ABOUT_RETURN_TYPE = YES_ERROR;
				GCC_WARN_UNDECLARED_SELECTOR = YES;
				GCC_WARN_UNINITIALIZED_AUTOS = YES_AGGRESSIVE;
				GCC_WARN_UNUSED_FUNCTION = YES;
				GCC_WARN_UNUSED_VARIABLE = YES;
				MACOSX_DEPLOYMENT_TARGET = 26.0;
				MTL_ENABLE_DEBUG_INFO = INCLUDE_SOURCE;
				MTL_FAST_MATH = YES;
				ONLY_ACTIVE_ARCH = YES;
				PRODUCT_NAME = "$(TARGET_NAME)";
				SDKROOT = macosx;
				SWIFT_ACTIVE_COMPILATION_CONDITIONS = DEBUG;
				SWIFT_OPTIMIZATION_LEVEL = "-Onone";
				SWIFT_VERSION = 5.0;
			};
			name = Debug;
		};
		FEB290233417C10ED7B2A6E3 /* Debug */ = {
			isa = XCBuildConfiguration;
			buildSettings = {
				BUNDLE_LOADER = "$(TEST_HOST)";
				COMBINE_HIDPI_IMAGES = YES;
				DEVELOPMENT_TEAM = A8Q2RF48P3;
				GENERATE_INFOPLIST_FILE = YES;
				LD_RUNPATH_SEARCH_PATHS = (
					"$(inherited)",
					"@executable_path/../Frameworks",
					"@loader_path/../Frameworks",
				);
				PRODUCT_BUNDLE_IDENTIFIER = com.unblu.UnbluMeetTests;
				SDKROOT = macosx;
				SWIFT_VERSION = 6.0;
				TEST_HOST = "$(BUILT_PRODUCTS_DIR)/UnbluMeet.app/Contents/MacOS/UnbluMeet";
			};
			name = Debug;
		};
/* End XCBuildConfiguration section */

/* Begin XCConfigurationList section */
		1B9F89BF0F6CCA1D22DD76DC /* Build configuration list for PBXNativeTarget "UnbluMeet" */ = {
			isa = XCConfigurationList;
			buildConfigurations = (
				393E4F67FAC0D1AAC9BA1214 /* Debug */,
				A96E2E07EE3538DE01A0CC16 /* Release */,
			);
			defaultConfigurationIsVisible = 0;
			defaultConfigurationName = Debug;
		};
		EA44D0B6692C7649603C501B /* Build configuration list for PBXProject "UnbluMeet" */ = {
			isa = XCConfigurationList;
			buildConfigurations = (
				B54E6CA7ABFCCC4FF2200083 /* Debug */,
				5EEF0B567CE4F0B2C64C217F /* Release */,
			);
			defaultConfigurationIsVisible = 0;
			defaultConfigurationName = Debug;
		};
		F1D521B7F54B6724C1078655 /* Build configuration list for PBXNativeTarget "UnbluMeetTests" */ = {
			isa = XCConfigurationList;
			buildConfigurations = (
				FEB290233417C10ED7B2A6E3 /* Debug */,
				5C502D0D61F5FC1B97C89CE7 /* Release */,
			);
			defaultConfigurationIsVisible = 0;
			defaultConfigurationName = Debug;
		};
/* End XCConfigurationList section */

/* Begin XCRemoteSwiftPackageReference section */
		1C8CD513B3E2101C89769B70 /* XCRemoteSwiftPackageReference "client-sdk-swift" */ = {
			isa = XCRemoteSwiftPackageReference;
			repositoryURL = "https://github.com/livekit/client-sdk-swift.git";
			requirement = {
				kind = upToNextMajorVersion;
				minimumVersion = 2.16.0;
			};
		};
/* End XCRemoteSwiftPackageReference section */

/* Begin XCSwiftPackageProductDependency section */
		3A655DBA31016A11E183DF76 /* LiveKit */ = {
			isa = XCSwiftPackageProductDependency;
			package = 1C8CD513B3E2101C89769B70 /* XCRemoteSwiftPackageReference "client-sdk-swift" */;
			productName = LiveKit;
		};
/* End XCSwiftPackageProductDependency section */
	};
	rootObject = 30B78744AB92A277FD719B2C /* Project object */;
}
